
Microsoft Visual Studio Solution File, Format Version 12.00
# Visual Studio 15
VisualStudioVersion = 15.0.28010.2036
MinimumVisualStudioVersion = 10.0.40219.1
Project("{8BC9CEB8-8B4A-11D0-8D11-00A0C91BC942}") = "Assignment09_StringToASCII", "Assignment09_StringToASCII\Assignment09_StringToASCII.vcxproj", "{95BDF6C6-9502-4D65-A109-87A929DDCFFC}"
EndProject
Global
	GlobalSection(SolutionConfigurationPlatforms) = preSolution
		Debug|x64 = Debug|x64
		Debug|x86 = Debug|x86
		Release|x64 = Release|x64
		Release|x86 = Release|x86
	EndGlobalSection
	GlobalSection(ProjectConfigurationPlatforms) = postSolution
		{95BDF6C6-9502-4D65-A109-87A929DDCFFC}.Debug|x64.ActiveCfg = Debug|x64
		{95BDF6C6-9502-4D65-A109-87A929DDCFFC}.Debug|x64.Build.0 = Debug|x64
		{95BDF6C6-9502-4D65-A109-87A929DDCFFC}.Debug|x86.ActiveCfg = Debug|Win32
		{95BDF6C6-9502-4D65-A109-87A929DDCFFC}.Debug|x86.Build.0 = Debug|Win32
		{95BDF6C6-9502-4D65-A109-87A929DDCFFC}.Release|x64.ActiveCfg = Release|x64
		{95BDF6C6-9502-4D65-A109-87A929DDCFFC}.Release|x64.Build.0 = Release|x64
		{95BDF6C6-9502-4D65-A109-87A929DDCFFC}.Release|x86.ActiveCfg = Release|Win32
		{95BDF6C6-9502-4D65-A109-87A929DDCFFC}.Release|x86.Build.0 = Release|Win32
	EndGlobalSection
	GlobalSection(SolutionProperties) = preSolution
		HideSolutionNode = FALSE
	EndGlobalSection
	GlobalSection(ExtensibilityGlobals) = postSolution
		SolutionGuid = {8DE0AA7F-AF81-4B06-826E-BACC62F2CD63}
	EndGlobalSection
EndGlobal
